
Microsoft Visual Studio Solution File, Format Version 12.00
# Visual Studio Version 16
VisualStudioVersion = 16.0.31424.327
MinimumVisualStudioVersion = 10.0.40219.1
Project("{9A19103F-16F7-4668-BE54-9A1E7A4F7556}") = "Akeraiotitasoft.IOFacade", "src\Akeraiotitasoft.IOFacade\Akeraiotitasoft.IOFacade.csproj", "{6274B8E5-E509-47E3-9401-2033FCB845C4}"
EndProject
Project("{9A19103F-16F7-4668-BE54-9A1E7A4F7556}") = "Akeraiotitasoft.IOFacade.Abstractions", "src\Akeraiotitasoft.IOFacade.Abstractions\Akeraiotitasoft.IOFacade.Abstractions.csproj", "{C7FD5D04-668B-4F71-A372-9FAD60F9C1CA}"
EndProject
Project("{9A19103F-16F7-4668-BE54-9A1E7A4F7556}") = "Akeraiotitasoft.IOFacade.DependencyInjection", "src\Akeraiotitasoft.IOFacade.DependencyInjection\Akeraiotitasoft.IOFacade.DependencyInjection.csproj", "{FB1C870C-62AF-499D-8933-62FD43DDCDDE}"
EndProject
Project("{9A19103F-16F7-4668-BE54-9A1E7A4F7556}") = "Akeraiotitasoft.IOFacade.Mock", "src\Akeraiotitasoft.IOFacade.Mock\Akeraiotitasoft.IOFacade.Mock.csproj", "{9C1D2776-1F67-45FF-9A5F-34BD91618149}"
EndProject
Project("{9A19103F-16F7-4668-BE54-9A1E7A4F7556}") = "Akeraiotitasoft.IOFacade.SpecFlow", "src\Akeraiotitasoft.IOFacade.SpecFlow\Akeraiotitasoft.IOFacade.SpecFlow.csproj", "{393BD1C5-C10B-4D4C-9DF1-12492C40860F}"
EndProject
Project("{9A19103F-16F7-4668-BE54-9A1E7A4F7556}") = "Akeraiotitasoft.IOFacade.SpecFlow.BDD", "src\Akeraiotitasoft.IOFacade.SpecFlow.BDD\Akeraiotitasoft.IOFacade.SpecFlow.BDD.csproj", "{8DC825C7-5BEF-4786-9F91-DC2AE2845A6F}"
EndProject
Global
	GlobalSection(SolutionConfigurationPlatforms) = preSolution
		Debug|Any CPU = Debug|Any CPU
		Release|Any CPU = Release|Any CPU
	EndGlobalSection
	GlobalSection(ProjectConfigurationPlatforms) = postSolution
		{6274B8E5-E509-47E3-9401-2033FCB845C4}.Debug|Any CPU.ActiveCfg = Debug|Any CPU
		{6274B8E5-E509-47E3-9401-2033FCB845C4}.Debug|Any CPU.Build.0 = Debug|Any CPU
		{6274B8E5-E509-47E3-9401-2033FCB845C4}.Release|Any CPU.ActiveCfg = Release|Any CPU
		{6274B8E5-E509-47E3-9401-2033FCB845C4}.Release|Any CPU.Build.0 = Release|Any CPU
		{C7FD5D04-668B-4F71-A372-9FAD60F9C1CA}.Debug|Any CPU.ActiveCfg = Debug|Any CPU
		{C7FD5D04-668B-4F71-A372-9FAD60F9C1CA}.Debug|Any CPU.Build.0 = Debug|Any CPU
		{C7FD5D04-668B-4F71-A372-9FAD60F9C1CA}.Release|Any CPU.ActiveCfg = Release|Any CPU
		{C7FD5D04-668B-4F71-A372-9FAD60F9C1CA}.Release|Any CPU.Build.0 = Release|Any CPU
		{FB1C870C-62AF-499D-8933-62FD43DDCDDE}.Debug|Any CPU.ActiveCfg = Debug|Any CPU
		{FB1C870C-62AF-499D-8933-62FD43DDCDDE}.Debug|Any CPU.Build.0 = Debug|Any CPU
		{FB1C870C-62AF-499D-8933-62FD43DDCDDE}.Release|Any CPU.ActiveCfg = Release|Any CPU
		{FB1C870C-62AF-499D-8933-62FD43DDCDDE}.Release|Any CPU.Build.0 = Release|Any CPU
		{9C1D2776-1F67-45FF-9A5F-34BD91618149}.Debug|Any CPU.ActiveCfg = Debug|Any CPU
		{9C1D2776-1F67-45FF-9A5F-34BD91618149}.Debug|Any CPU.Build.0 = Debug|Any CPU
		{9C1D2776-1F67-45FF-9A5F-34BD91618149}.Release|Any CPU.ActiveCfg = Release|Any CPU
		{9C1D2776-1F67-45FF-9A5F-34BD91618149}.Release|Any CPU.Build.0 = Release|Any CPU
		{393BD1C5-C10B-4D4C-9DF1-12492C40860F}.Debug|Any CPU.ActiveCfg = Debug|Any CPU
		{393BD1C5-C10B-4D4C-9DF1-12492C40860F}.Debug|Any CPU.Build.0 = Debug|Any CPU
		{393BD1C5-C10B-4D4C-9DF1-12492C40860F}.Release|Any CPU.ActiveCfg = Release|Any CPU
		{393BD1C5-C10B-4D4C-9DF1-12492C40860F}.Release|Any CPU.Build.0 = Release|Any CPU
		{8DC825C7-5BEF-4786-9F91-DC2AE2845A6F}.Debug|Any CPU.ActiveCfg = Debug|Any CPU
		{8DC825C7-5BEF-4786-9F91-DC2AE2845A6F}.Debug|Any CPU.Build.0 = Debug|Any CPU
		{8DC825C7-5BEF-4786-9F91-DC2AE2845A6F}.Release|Any CPU.ActiveCfg = Release|Any CPU
		{8DC825C7-5BEF-4786-9F91-DC2AE2845A6F}.Release|Any CPU.Build.0 = Release|Any CPU
	EndGlobalSection
	GlobalSection(SolutionProperties) = preSolution
		HideSolutionNode = FALSE
	EndGlobalSection
	GlobalSection(ExtensibilityGlobals) = postSolution
		SolutionGuid = {28AAAB87-4147-47EB-8C11-B8035CC150F5}
	EndGlobalSection
EndGlobal
